// !$*UTF8*$!
{
	archiveVersion = 1;
	classes = {
	};
	objectVersion = 56;
	objects = {

/* Begin PBXBuildFile section */
		0E300C302C8DDF640004AE46 /* DashCoinIOSApp.swift in Sources */ = {isa = PBXBuildFile; fileRef = 0E300C2F2C8DDF640004AE46 /* DashCoinIOSApp.swift */; };
		0E300C322C8DDF640004AE46 /* ContentView.swift in Sources */ = {isa = PBXBuildFile; fileRef = 0E300C312C8DDF640004AE46 /* ContentView.swift */; };
		0E300C342C8DDF660004AE46 /* Assets.xcassets in Resources */ = {isa = PBXBuildFile; fileRef = 0E300C332C8DDF660004AE46 /* Assets.xcassets */; };
		0E300C372C8DDF660004AE46 /* Preview Assets.xcassets in Resources */ = {isa = PBXBuildFile; fileRef = 0E300C362C8DDF660004AE46 /* Preview Assets.xcassets */; };
		0EE3054B2C96DBDD00229A07 /* GoogleService-Info.plist in Resources */ = {isa = PBXBuildFile; fileRef = 0EE3054A2C96DBDD00229A07 /* GoogleService-Info.plist */; };
		0EE3054E2C96E04B00229A07 /* FirebaseAnalytics in Frameworks */ = {isa = PBXBuildFile; productRef = 0EE3054D2C96E04B00229A07 /* FirebaseAnalytics */; };
		0EE305502C96E04B00229A07 /* FirebaseAuth in Frameworks */ = {isa = PBXBuildFile; productRef = 0EE3054F2C96E04B00229A07 /* FirebaseAuth */; };
		0EE305522C96E04B00229A07 /* FirebaseCrashlytics in Frameworks */ = {isa = PBXBuildFile; productRef = 0EE305512C96E04B00229A07 /* FirebaseCrashlytics */; };
		0EE305542C96E04B00229A07 /* FirebaseFirestore in Frameworks */ = {isa = PBXBuildFile; productRef = 0EE305532C96E04B00229A07 /* FirebaseFirestore */; };
		0EE305562C96E04B00229A07 /* FirebaseStorage in Frameworks */ = {isa = PBXBuildFile; productRef = 0EE305552C96E04B00229A07 /* FirebaseStorage */; };
/* End PBXBuildFile section */

/* Begin PBXContainerItemProxy section */
		0E300C3D2C8DDF660004AE46 /* PBXContainerItemProxy */ = {
			isa = PBXContainerItemProxy;
			containerPortal = 0E300C242C8DDF640004AE46 /* Project object */;
			proxyType = 1;
			remoteGlobalIDString = 0E300C2B2C8DDF640004AE46;
			remoteInfo = DashCoinIOS;
		};
		0E300C472C8DDF660004AE46 /* PBXContainerItemProxy */ = {
			isa = PBXContainerItemProxy;
			containerPortal = 0E300C242C8DDF640004AE46 /* Project object */;
			proxyType = 1;
			remoteGlobalIDString = 0E300C2B2C8DDF640004AE46;
			remoteInfo = DashCoinIOS;
		};
/* End PBXContainerItemProxy section */

/* Begin PBXFileReference section */
		0E300C2C2C8DDF640004AE46 /* DashCoinIOS.app */ = {isa = PBXFileReference; explicitFileType = wrapper.application; includeInIndex = 0; path = DashCoinIOS.app; sourceTree = BUILT_PRODUCTS_DIR; };
		0E300C2F2C8DDF640004AE46 /* DashCoinIOSApp.swift */ = {isa = PBXFileReference; lastKnownFileType = sourcecode.swift; path = DashCoinIOSApp.swift; sourceTree = "<group>"; };
		0E300C312C8DDF640004AE46 /* ContentView.swift */ = {isa = PBXFileReference; lastKnownFileType = sourcecode.swift; path = ContentView.swift; sourceTree = "<group>"; };
		0E300C332C8DDF660004AE46 /* Assets.xcassets */ = {isa = PBXFileReference; lastKnownFileType = folder.assetcatalog; path = Assets.xcassets; sourceTree = "<group>"; };
		0E300C362C8DDF660004AE46 /* Preview Assets.xcassets */ = {isa = PBXFileReference; lastKnownFileType = folder.assetcatalog; path = "Preview Assets.xcassets"; sourceTree = "<group>"; };
		0E300C3C2C8DDF660004AE46 /* DashCoinIOSTests.xctest */ = {isa = PBXFileReference; explicitFileType = wrapper.cfbundle; includeInIndex = 0; path = DashCoinIOSTests.xctest; sourceTree = BUILT_PRODUCTS_DIR; };
		0E300C462C8DDF660004AE46 /* DashCoinIOSUITests.xctest */ = {isa = PBXFileReference; explicitFileType = wrapper.cfbundle; includeInIndex = 0; path = DashCoinIOSUITests.xctest; sourceTree = BUILT_PRODUCTS_DIR; };
		0EC2285D2C96E284000A13BF /* Config.xcconfig */ = {isa = PBXFileReference; lastKnownFileType = text.xcconfig; path = Config.xcconfig; sourceTree = "<group>"; };
		0EE3054A2C96DBDD00229A07 /* GoogleService-Info.plist */ = {isa = PBXFileReference; fileEncoding = 4; lastKnownFileType = text.plist.xml; name = "GoogleService-Info.plist"; path = "../../../../Downloads/GoogleService-Info.plist"; sourceTree = "<group>"; };
/* End PBXFileReference section */

/* Begin PBXFrameworksBuildPhase section */
		0E300C292C8DDF640004AE46 /* Frameworks */ = {
			isa = PBXFrameworksBuildPhase;
			buildActionMask = 2147483647;
			files = (
				0EE305522C96E04B00229A07 /* FirebaseCrashlytics in Frameworks */,
				0EE305542C96E04B00229A07 /* FirebaseFirestore in Frameworks */,
				0EE3054E2C96E04B00229A07 /* FirebaseAnalytics in Frameworks */,
				0EE305562C96E04B00229A07 /* FirebaseStorage in Frameworks */,
				0EE305502C96E04B00229A07 /* FirebaseAuth in Frameworks */,
			);
			runOnlyForDeploymentPostprocessing = 0;
		};
		0E300C392C8DDF660004AE46 /* Frameworks */ = {
			isa = PBXFrameworksBuildPhase;
			buildActionMask = 2147483647;
			files = (
			);
			runOnlyForDeploymentPostprocessing = 0;
		};
		0E300C432C8DDF660004AE46 /* Frameworks */ = {
			isa = PBXFrameworksBuildPhase;
			buildActionMask = 2147483647;
			files = (
			);
			runOnlyForDeploymentPostprocessing = 0;
		};
/* End PBXFrameworksBuildPhase section */

/* Begin PBXGroup section */
		0E300C232C8DDF640004AE46 = {
			isa = PBXGroup;
			children = (
				0EC2285C2C96E240000A13BF /* Configuration */,
				0E300C2E2C8DDF640004AE46 /* DashCoinIOS */,
				0E300C2D2C8DDF640004AE46 /* Products */,
			);
			sourceTree = "<group>";
		};
		0E300C2D2C8DDF640004AE46 /* Products */ = {
			isa = PBXGroup;
			children = (
				0E300C2C2C8DDF640004AE46 /* DashCoinIOS.app */,
				0E300C3C2C8DDF660004AE46 /* DashCoinIOSTests.xctest */,
				0E300C462C8DDF660004AE46 /* DashCoinIOSUITests.xctest */,
			);
			name = Products;
			sourceTree = "<group>";
		};
		0E300C2E2C8DDF640004AE46 /* DashCoinIOS */ = {
			isa = PBXGroup;
			children = (
				0EE3054A2C96DBDD00229A07 /* GoogleService-Info.plist */,
				0E300C2F2C8DDF640004AE46 /* DashCoinIOSApp.swift */,
				0E300C312C8DDF640004AE46 /* ContentView.swift */,
				0E300C332C8DDF660004AE46 /* Assets.xcassets */,
				0E300C352C8DDF660004AE46 /* Preview Content */,
			);
			path = DashCoinIOS;
			sourceTree = "<group>";
		};
		0E300C352C8DDF660004AE46 /* Preview Content */ = {
			isa = PBXGroup;
			children = (
				0E300C362C8DDF660004AE46 /* Preview Assets.xcassets */,
			);
			path = "Preview Content";
			sourceTree = "<group>";
		};
		0EC2285C2C96E240000A13BF /* Configuration */ = {
			isa = PBXGroup;
			children = (
				0EC2285D2C96E284000A13BF /* Config.xcconfig */,
			);
			path = Configuration;
			sourceTree = "<group>";
		};
/* End PBXGroup section */

/* Begin PBXNativeTarget section */
		0E300C2B2C8DDF640004AE46 /* DashCoinIOS */ = {
			isa = PBXNativeTarget;
			buildConfigurationList = 0E300C502C8DDF660004AE46 /* Build configuration list for PBXNativeTarget "DashCoinIOS" */;
			buildPhases = (
				0EA022752C8DF2680020B9D5 /* ShellScript */,
				0E300C282C8DDF640004AE46 /* Sources */,
				0E300C292C8DDF640004AE46 /* Frameworks */,
				0E300C2A2C8DDF640004AE46 /* Resources */,
			);
			buildRules = (
			);
			dependencies = (
			);
			name = DashCoinIOS;
			packageProductDependencies = (
				0EE3054D2C96E04B00229A07 /* FirebaseAnalytics */,
				0EE3054F2C96E04B00229A07 /* FirebaseAuth */,
				0EE305512C96E04B00229A07 /* FirebaseCrashlytics */,
				0EE305532C96E04B00229A07 /* FirebaseFirestore */,
				0EE305552C96E04B00229A07 /* FirebaseStorage */,
			);
			productName = DashCoinIOS;
			productReference = 0E300C2C2C8DDF640004AE46 /* DashCoinIOS.app */;
			productType = "com.apple.product-type.application";
		};
		0E300C3B2C8DDF660004AE46 /* DashCoinIOSTests */ = {
			isa = PBXNativeTarget;
			buildConfigurationList = 0E300C532C8DDF660004AE46 /* Build configuration list for PBXNativeTarget "DashCoinIOSTests" */;
			buildPhases = (
				0E300C382C8DDF660004AE46 /* Sources */,
				0E300C392C8DDF660004AE46 /* Frameworks */,
				0E300C3A2C8DDF660004AE46 /* Resources */,
			);
			buildRules = (
			);
			dependencies = (
				0E300C3E2C8DDF660004AE46 /* PBXTargetDependency */,
			);
			name = DashCoinIOSTests;
			productName = DashCoinIOSTests;
			productReference = 0E300C3C2C8DDF660004AE46 /* DashCoinIOSTests.xctest */;
			productType = "com.apple.product-type.bundle.unit-test";
		};
		0E300C452C8DDF660004AE46 /* DashCoinIOSUITests */ = {
			isa = PBXNativeTarget;
			buildConfigurationList = 0E300C562C8DDF660004AE46 /* Build configuration list for PBXNativeTarget "DashCoinIOSUITests" */;
			buildPhases = (
				0E300C422C8DDF660004AE46 /* Sources */,
				0E300C432C8DDF660004AE46 /* Frameworks */,
				0E300C442C8DDF660004AE46 /* Resources */,
			);
			buildRules = (
			);
			dependencies = (
				0E300C482C8DDF660004AE46 /* PBXTargetDependency */,
			);
			name = DashCoinIOSUITests;
			productName = DashCoinIOSUITests;
			productReference = 0E300C462C8DDF660004AE46 /* DashCoinIOSUITests.xctest */;
			productType = "com.apple.product-type.bundle.ui-testing";
		};
/* End PBXNativeTarget section */

/* Begin PBXProject section */
		0E300C242C8DDF640004AE46 /* Project object */ = {
			isa = PBXProject;
			attributes = {
				BuildIndependentTargetsInParallel = 1;
				LastSwiftUpdateCheck = 1540;
				LastUpgradeCheck = 1540;
				TargetAttributes = {
					0E300C2B2C8DDF640004AE46 = {
						CreatedOnToolsVersion = 15.4;
					};
					0E300C3B2C8DDF660004AE46 = {
						CreatedOnToolsVersion = 15.4;
						TestTargetID = 0E300C2B2C8DDF640004AE46;
					};
					0E300C452C8DDF660004AE46 = {
						CreatedOnToolsVersion = 15.4;
						TestTargetID = 0E300C2B2C8DDF640004AE46;
					};
				};
			};
			buildConfigurationList = 0E300C272C8DDF640004AE46 /* Build configuration list for PBXProject "DashCoinIOS" */;
			compatibilityVersion = "Xcode 14.0";
			developmentRegion = en;
			hasScannedForEncodings = 0;
			knownRegions = (
				en,
				Base,
			);
			mainGroup = 0E300C232C8DDF640004AE46;
			packageReferences = (
				0EE3054C2C96DC9600229A07 /* XCRemoteSwiftPackageReference "firebase-ios-sdk" */,
			);
			productRefGroup = 0E300C2D2C8DDF640004AE46 /* Products */;
			projectDirPath = "";
			projectRoot = "";
			targets = (
				0E300C2B2C8DDF640004AE46 /* DashCoinIOS */,
				0E300C3B2C8DDF660004AE46 /* DashCoinIOSTests */,
				0E300C452C8DDF660004AE46 /* DashCoinIOSUITests */,
			);
		};
/* End PBXProject section */

/* Begin PBXResourcesBuildPhase section */
		0E300C2A2C8DDF640004AE46 /* Resources */ = {
			isa = PBXResourcesBuildPhase;
			buildActionMask = 2147483647;
			files = (
				0E300C372C8DDF660004AE46 /* Preview Assets.xcassets in Resources */,
				0E300C342C8DDF660004AE46 /* Assets.xcassets in Resources */,
				0EE3054B2C96DBDD00229A07 /* GoogleService-Info.plist in Resources */,
			);
			runOnlyForDeploymentPostprocessing = 0;
		};
		0E300C3A2C8DDF660004AE46 /* Resources */ = {
			isa = PBXResourcesBuildPhase;
			buildActionMask = 2147483647;
			files = (
			);
			runOnlyForDeploymentPostprocessing = 0;
		};
		0E300C442C8DDF660004AE46 /* Resources */ = {
			isa = PBXResourcesBuildPhase;
			buildActionMask = 2147483647;
			files = (
			);
			runOnlyForDeploymentPostprocessing = 0;
		};
/* End PBXResourcesBuildPhase section */

/* Begin PBXShellScriptBuildPhase section */
		0EA022752C8DF2680020B9D5 /* ShellScript */ = {
			isa = PBXShellScriptBuildPhase;
			buildActionMask = 2147483647;
			files = (
			);
			inputFileListPaths = (
			);
			inputPaths = (
			);
			outputFileListPaths = (
			);
			outputPaths = (
			);
			runOnlyForDeploymentPostprocessing = 0;
			shellPath = /bin/sh;
			shellScript = "cd \"$SRCROOT/..\"\nexport PATH=\"/opt/homebrew/opt/openjdk@17/bin:$PATH\"\n./gradlew clean\n./gradlew :shared:embedAndSignAppleFrameworkForXcode\n";
		};
/* End PBXShellScriptBuildPhase section */

/* Begin PBXSourcesBuildPhase section */
		0E300C282C8DDF640004AE46 /* Sources */ = {
			isa = PBXSourcesBuildPhase;
			buildActionMask = 2147483647;
			files = (
				0E300C322C8DDF640004AE46 /* ContentView.swift in Sources */,
				0E300C302C8DDF640004AE46 /* DashCoinIOSApp.swift in Sources */,
			);
			runOnlyForDeploymentPostprocessing = 0;
		};
		0E300C382C8DDF660004AE46 /* Sources */ = {
			isa = PBXSourcesBuildPhase;
			buildActionMask = 2147483647;
			files = (
			);
			runOnlyForDeploymentPostprocessing = 0;
		};
		0E300C422C8DDF660004AE46 /* Sources */ = {
			isa = PBXSourcesBuildPhase;
			buildActionMask = 2147483647;
			files = (
			);
			runOnlyForDeploymentPostprocessing = 0;
		};
/* End PBXSourcesBuildPhase section */

/* Begin PBXTargetDependency section */
		0E300C3E2C8DDF660004AE46 /* PBXTargetDependency */ = {
			isa = PBXTargetDependency;
			target = 0E300C2B2C8DDF640004AE46 /* DashCoinIOS */;
			targetProxy = 0E300C3D2C8DDF660004AE46 /* PBXContainerItemProxy */;
		};
		0E300C482C8DDF660004AE46 /* PBXTargetDependency */ = {
			isa = PBXTargetDependency;
			target = 0E300C2B2C8DDF640004AE46 /* DashCoinIOS */;
			targetProxy = 0E300C472C8DDF660004AE46 /* PBXContainerItemProxy */;
		};
/* End PBXTargetDependency section */

/* Begin XCBuildConfiguration section */
		0E300C4E2C8DDF660004AE46 /* Debug */ = {
			isa = XCBuildConfiguration;
			buildSettings = {
				ALWAYS_SEARCH_USER_PATHS = NO;
				ASSETCATALOG_COMPILER_GENERATE_SWIFT_ASSET_SYMBOL_EXTENSIONS = YES;
				CLANG_ANALYZER_NONNULL = YES;
				CLANG_ANALYZER_NUMBER_OBJECT_CONVERSION = YES_AGGRESSIVE;
				CLANG_CXX_LANGUAGE_STANDARD = "gnu++20";
				CLANG_ENABLE_MODULES = YES;
				CLANG_ENABLE_OBJC_ARC = YES;
				CLANG_ENABLE_OBJC_WEAK = YES;
				CLANG_WARN_BLOCK_CAPTURE_AUTORELEASING = YES;
				CLANG_WARN_BOOL_CONVERSION = YES;
				CLANG_WARN_COMMA = YES;
				CLANG_WARN_CONSTANT_CONVERSION = YES;
				CLANG_WARN_DEPRECATED_OBJC_IMPLEMENTATIONS = YES;
				CLANG_WARN_DIRECT_OBJC_ISA_USAGE = YES_ERROR;
				CLANG_WARN_DOCUMENTATION_COMMENTS = YES;
				CLANG_WARN_EMPTY_BODY = YES;
				CLANG_WARN_ENUM_CONVERSION = YES;
				CLANG_WARN_INFINITE_RECURSION = YES;
				CLANG_WARN_INT_CONVERSION = YES;
				CLANG_WARN_NON_LITERAL_NULL_CONVERSION = YES;
				CLANG_WARN_OBJC_IMPLICIT_RETAIN_SELF = YES;
				CLANG_WARN_OBJC_LITERAL_CONVERSION = YES;
				CLANG_WARN_OBJC_ROOT_CLASS = YES_ERROR;
				CLANG_WARN_QUOTED_INCLUDE_IN_FRAMEWORK_HEADER = YES;
				CLANG_WARN_RANGE_LOOP_ANALYSIS = YES;
				CLANG_WARN_STRICT_PROTOTYPES = YES;
				CLANG_WARN_SUSPICIOUS_MOVE = YES;
				CLANG_WARN_UNGUARDED_AVAILABILITY = YES_AGGRESSIVE;
				CLANG_WARN_UNREACHABLE_CODE = YES;
				CLANG_WARN__DUPLICATE_METHOD_MATCH = YES;
				COPY_PHASE_STRIP = NO;
				DEBUG_INFORMATION_FORMAT = dwarf;
				ENABLE_STRICT_OBJC_MSGSEND = YES;
				ENABLE_TESTABILITY = YES;
				ENABLE_USER_SCRIPT_SANDBOXING = YES;
				GCC_C_LANGUAGE_STANDARD = gnu17;
				GCC_DYNAMIC_NO_PIC = NO;
				GCC_NO_COMMON_BLOCKS = YES;
				GCC_OPTIMIZATION_LEVEL = 0;
				GCC_PREPROCESSOR_DEFINITIONS = (
					"DEBUG=1",
					"$(inherited)",
				);
				GCC_WARN_64_TO_32_BIT_CONVERSION = YES;
				GCC_WARN_ABOUT_RETURN_TYPE = YES_ERROR;
				GCC_WARN_UNDECLARED_SELECTOR = YES;
				GCC_WARN_UNINITIALIZED_AUTOS = YES_AGGRESSIVE;
				GCC_WARN_UNUSED_FUNCTION = YES;
				GCC_WARN_UNUSED_VARIABLE = YES;
				IPHONEOS_DEPLOYMENT_TARGET = 17.5;
				LOCALIZATION_PREFERS_STRING_CATALOGS = YES;
				MTL_ENABLE_DEBUG_INFO = INCLUDE_SOURCE;
				MTL_FAST_MATH = YES;
				ONLY_ACTIVE_ARCH = YES;
				SDKROOT = iphoneos;
				SWIFT_ACTIVE_COMPILATION_CONDITIONS = "DEBUG $(inherited)";
				SWIFT_OPTIMIZATION_LEVEL = "-Onone";
			};
			name = Debug;
		};
		0E300C4F2C8DDF660004AE46 /* Release */ = {
			isa = XCBuildConfiguration;
			buildSettings = {
				ALWAYS_SEARCH_USER_PATHS = NO;
				ASSETCATALOG_COMPILER_GENERATE_SWIFT_ASSET_SYMBOL_EXTENSIONS = YES;
				CLANG_ANALYZER_NONNULL = YES;
				CLANG_ANALYZER_NUMBER_OBJECT_CONVERSION = YES_AGGRESSIVE;
				CLANG_CXX_LANGUAGE_STANDARD = "gnu++20";
				CLANG_ENABLE_MODULES = YES;
				CLANG_ENABLE_OBJC_ARC = YES;
				CLANG_ENABLE_OBJC_WEAK = YES;
				CLANG_WARN_BLOCK_CAPTURE_AUTORELEASING = YES;
				CLANG_WARN_BOOL_CONVERSION = YES;
				CLANG_WARN_COMMA = YES;
				CLANG_WARN_CONSTANT_CONVERSION = YES;
				CLANG_WARN_DEPRECATED_OBJC_IMPLEMENTATIONS = YES;
				CLANG_WARN_DIRECT_OBJC_ISA_USAGE = YES_ERROR;
				CLANG_WARN_DOCUMENTATION_COMMENTS = YES;
				CLANG_WARN_EMPTY_BODY = YES;
				CLANG_WARN_ENUM_CONVERSION = YES;
				CLANG_WARN_INFINITE_RECURSION = YES;
				CLANG_WARN_INT_CONVERSION = YES;
				CLANG_WARN_NON_LITERAL_NULL_CONVERSION = YES;
				CLANG_WARN_OBJC_IMPLICIT_RETAIN_SELF = YES;
				CLANG_WARN_OBJC_LITERAL_CONVERSION = YES;
				CLANG_WARN_OBJC_ROOT_CLASS = YES_ERROR;
				CLANG_WARN_QUOTED_INCLUDE_IN_FRAMEWORK_HEADER = YES;
				CLANG_WARN_RANGE_LOOP_ANALYSIS = YES;
				CLANG_WARN_STRICT_PROTOTYPES = YES;
				CLANG_WARN_SUSPICIOUS_MOVE = YES;
				CLANG_WARN_UNGUARDED_AVAILABILITY = YES_AGGRESSIVE;
				CLANG_WARN_UNREACHABLE_CODE = YES;
				CLANG_WARN__DUPLICATE_METHOD_MATCH = YES;
				COPY_PHASE_STRIP = NO;
				DEBUG_INFORMATION_FORMAT = "dwarf-with-dsym";
				ENABLE_NS_ASSERTIONS = NO;
				ENABLE_STRICT_OBJC_MSGSEND = YES;
				ENABLE_USER_SCRIPT_SANDBOXING = YES;
				GCC_C_LANGUAGE_STANDARD = gnu17;
				GCC_NO_COMMON_BLOCKS = YES;
				GCC_WARN_64_TO_32_BIT_CONVERSION = YES;
				GCC_WARN_ABOUT_RETURN_TYPE = YES_ERROR;
				GCC_WARN_UNDECLARED_SELECTOR = YES;
				GCC_WARN_UNINITIALIZED_AUTOS = YES_AGGRESSIVE;
				GCC_WARN_UNUSED_FUNCTION = YES;
				GCC_WARN_UNUSED_VARIABLE = YES;
				IPHONEOS_DEPLOYMENT_TARGET = 17.5;
				LOCALIZATION_PREFERS_STRING_CATALOGS = YES;
				MTL_ENABLE_DEBUG_INFO = NO;
				MTL_FAST_MATH = YES;
				SDKROOT = iphoneos;
				SWIFT_COMPILATION_MODE = wholemodule;
				VALIDATE_PRODUCT = YES;
			};
			name = Release;
		};
		0E300C512C8DDF660004AE46 /* Debug */ = {
			isa = XCBuildConfiguration;
			buildSettings = {
				ASSETCATALOG_COMPILER_APPICON_NAME = AppIcon;
				ASSETCATALOG_COMPILER_GLOBAL_ACCENT_COLOR_NAME = AccentColor;
				CODE_SIGN_STYLE = Automatic;
				CURRENT_PROJECT_VERSION = 1;
				DEVELOPMENT_ASSET_PATHS = "\"DashCoinIOS/Preview Content\"";
				ENABLE_PREVIEWS = YES;
				ENABLE_USER_SCRIPT_SANDBOXING = NO;
				GENERATE_INFOPLIST_FILE = YES;
				INFOPLIST_KEY_UIApplicationSceneManifest_Generation = YES;
				INFOPLIST_KEY_UIApplicationSupportsIndirectInputEvents = YES;
				INFOPLIST_KEY_UILaunchScreen_Generation = YES;
				INFOPLIST_KEY_UISupportedInterfaceOrientations_iPad = "UIInterfaceOrientationPortrait UIInterfaceOrientationPortraitUpsideDown UIInterfaceOrientationLandscapeLeft UIInterfaceOrientationLandscapeRight";
				INFOPLIST_KEY_UISupportedInterfaceOrientations_iPhone = "UIInterfaceOrientationPortrait UIInterfaceOrientationLandscapeLeft UIInterfaceOrientationLandscapeRight";
				LD_RUNPATH_SEARCH_PATHS = (
					"$(inherited)",
					"@executable_path/Frameworks",
				);
				MARKETING_VERSION = 1.0;
				PRODUCT_BUNDLE_IDENTIFIER = com.mathroda.DashCoinIOS;
				PRODUCT_NAME = "$(TARGET_NAME)";
				SWIFT_EMIT_LOC_STRINGS = YES;
				SWIFT_VERSION = 5.0;
				TARGETED_DEVICE_FAMILY = "1,2";
			};
			name = Debug;
		};
		0E300C522C8DDF660004AE46 /* Release */ = {
			isa = XCBuildConfiguration;
			buildSettings = {
				ASSETCATALOG_COMPILER_APPICON_NAME = AppIcon;
				ASSETCATALOG_COMPILER_GLOBAL_ACCENT_COLOR_NAME = AccentColor;
				CODE_SIGN_STYLE = Automatic;
				CURRENT_PROJECT_VERSION = 1;
				DEVELOPMENT_ASSET_PATHS = "\"DashCoinIOS/Preview Content\"";
				ENABLE_PREVIEWS = YES;
				ENABLE_USER_SCRIPT_SANDBOXING = NO;
				GENERATE_INFOPLIST_FILE = YES;
				INFOPLIST_KEY_UIApplicationSceneManifest_Generation = YES;
				INFOPLIST_KEY_UIApplicationSupportsIndirectInputEvents = YES;
				INFOPLIST_KEY_UILaunchScreen_Generation = YES;
				INFOPLIST_KEY_UISupportedInterfaceOrientations_iPad = "UIInterfaceOrientationPortrait UIInterfaceOrientationPortraitUpsideDown UIInterfaceOrientationLandscapeLeft UIInterfaceOrientationLandscapeRight";
				INFOPLIST_KEY_UISupportedInterfaceOrientations_iPhone = "UIInterfaceOrientationPortrait UIInterfaceOrientationLandscapeLeft UIInterfaceOrientationLandscapeRight";
				LD_RUNPATH_SEARCH_PATHS = (
					"$(inherited)",
					"@executable_path/Frameworks",
				);
				MARKETING_VERSION = 1.0;
				PRODUCT_BUNDLE_IDENTIFIER = com.mathroda.DashCoinIOS;
				PRODUCT_NAME = "$(TARGET_NAME)";
				SWIFT_EMIT_LOC_STRINGS = YES;
				SWIFT_VERSION = 5.0;
				TARGETED_DEVICE_FAMILY = "1,2";
			};
			name = Release;
		};
		0E300C542C8DDF660004AE46 /* Debug */ = {
			isa = XCBuildConfiguration;
			buildSettings = {
				ALWAYS_EMBED_SWIFT_STANDARD_LIBRARIES = YES;
				BUNDLE_LOADER = "$(TEST_HOST)";
				CODE_SIGN_STYLE = Automatic;
				CURRENT_PROJECT_VERSION = 1;
				GENERATE_INFOPLIST_FILE = YES;
				IPHONEOS_DEPLOYMENT_TARGET = 17.5;
				MARKETING_VERSION = 1.0;
				PRODUCT_BUNDLE_IDENTIFIER = com.mathroda.DashCoinIOSTests;
				PRODUCT_NAME = "$(TARGET_NAME)";
				SWIFT_EMIT_LOC_STRINGS = NO;
				SWIFT_VERSION = 5.0;
				TARGETED_DEVICE_FAMILY = "1,2";
				TEST_HOST = "$(BUILT_PRODUCTS_DIR)/DashCoinIOS.app/$(BUNDLE_EXECUTABLE_FOLDER_PATH)/DashCoinIOS";
			};
			name = Debug;
		};
		0E300C552C8DDF660004AE46 /* Release */ = {
			isa = XCBuildConfiguration;
			buildSettings = {
				ALWAYS_EMBED_SWIFT_STANDARD_LIBRARIES = YES;
				BUNDLE_LOADER = "$(TEST_HOST)";
				CODE_SIGN_STYLE = Automatic;
				CURRENT_PROJECT_VERSION = 1;
				GENERATE_INFOPLIST_FILE = YES;
				IPHONEOS_DEPLOYMENT_TARGET = 17.5;
				MARKETING_VERSION = 1.0;
				PRODUCT_BUNDLE_IDENTIFIER = com.mathroda.DashCoinIOSTests;
				PRODUCT_NAME = "$(TARGET_NAME)";
				SWIFT_EMIT_LOC_STRINGS = NO;
				SWIFT_VERSION = 5.0;
				TARGETED_DEVICE_FAMILY = "1,2";
				TEST_HOST = "$(BUILT_PRODUCTS_DIR)/DashCoinIOS.app/$(BUNDLE_EXECUTABLE_FOLDER_PATH)/DashCoinIOS";
			};
			name = Release;
		};
		0E300C572C8DDF660004AE46 /* Debug */ = {
			isa = XCBuildConfiguration;
			buildSettings = {
				ALWAYS_EMBED_SWIFT_STANDARD_LIBRARIES = YES;
				CODE_SIGN_STYLE = Automatic;
				CURRENT_PROJECT_VERSION = 1;
				GENERATE_INFOPLIST_FILE = YES;
				MARKETING_VERSION = 1.0;
				PRODUCT_BUNDLE_IDENTIFIER = com.mathroda.DashCoinIOSUITests;
				PRODUCT_NAME = "$(TARGET_NAME)";
				SWIFT_EMIT_LOC_STRINGS = NO;
				SWIFT_VERSION = 5.0;
				TARGETED_DEVICE_FAMILY = "1,2";
				TEST_TARGET_NAME = DashCoinIOS;
			};
			name = Debug;
		};
		0E300C582C8DDF660004AE46 /* Release */ = {
			isa = XCBuildConfiguration;
			buildSettings = {
				ALWAYS_EMBED_SWIFT_STANDARD_LIBRARIES = YES;
				CODE_SIGN_STYLE = Automatic;
				CURRENT_PROJECT_VERSION = 1;
				GENERATE_INFOPLIST_FILE = YES;
				MARKETING_VERSION = 1.0;
				PRODUCT_BUNDLE_IDENTIFIER = com.mathroda.DashCoinIOSUITests;
				PRODUCT_NAME = "$(TARGET_NAME)";
				SWIFT_EMIT_LOC_STRINGS = NO;
				SWIFT_VERSION = 5.0;
				TARGETED_DEVICE_FAMILY = "1,2";
				TEST_TARGET_NAME = DashCoinIOS;
			};
			name = Release;
		};
/* End XCBuildConfiguration section */

/* Begin XCConfigurationList section */
		0E300C272C8DDF640004AE46 /* Build configuration list for PBXProject "DashCoinIOS" */ = {
			isa = XCConfigurationList;
			buildConfigurations = (
				0E300C4E2C8DDF660004AE46 /* Debug */,
				0E300C4F2C8DDF660004AE46 /* Release */,
			);
			defaultConfigurationIsVisible = 0;
			defaultConfigurationName = Release;
		};
		0E300C502C8DDF660004AE46 /* Build configuration list for PBXNativeTarget "DashCoinIOS" */ = {
			isa = XCConfigurationList;
			buildConfigurations = (
				0E300C512C8DDF660004AE46 /* Debug */,
				0E300C522C8DDF660004AE46 /* Release */,
			);
			defaultConfigurationIsVisible = 0;
			defaultConfigurationName = Release;
		};
		0E300C532C8DDF660004AE46 /* Build configuration list for PBXNativeTarget "DashCoinIOSTests" */ = {
			isa = XCConfigurationList;
			buildConfigurations = (
				0E300C542C8DDF660004AE46 /* Debug */,
				0E300C552C8DDF660004AE46 /* Release */,
			);
			defaultConfigurationIsVisible = 0;
			defaultConfigurationName = Release;
		};
		0E300C562C8DDF660004AE46 /* Build configuration list for PBXNativeTarget "DashCoinIOSUITests" */ = {
			isa = XCConfigurationList;
			buildConfigurations = (
				0E300C572C8DDF660004AE46 /* Debug */,
				0E300C582C8DDF660004AE46 /* Release */,
			);
			defaultConfigurationIsVisible = 0;
			defaultConfigurationName = Release;
		};
/* End XCConfigurationList section */

/* Begin XCRemoteSwiftPackageReference section */
		0EE3054C2C96DC9600229A07 /* XCRemoteSwiftPackageReference "firebase-ios-sdk" */ = {
			isa = XCRemoteSwiftPackageReference;
			repositoryURL = "https://github.com/firebase/firebase-ios-sdk";
			requirement = {
				kind = upToNextMajorVersion;
				minimumVersion = 11.2.0;
			};
		};
/* End XCRemoteSwiftPackageReference section */

/* Begin XCSwiftPackageProductDependency section */
		0EE3054D2C96E04B00229A07 /* FirebaseAnalytics */ = {
			isa = XCSwiftPackageProductDependency;
			package = 0EE3054C2C96DC9600229A07 /* XCRemoteSwiftPackageReference "firebase-ios-sdk" */;
			productName = FirebaseAnalytics;
		};
		0EE3054F2C96E04B00229A07 /* FirebaseAuth */ = {
			isa = XCSwiftPackageProductDependency;
			package = 0EE3054C2C96DC9600229A07 /* XCRemoteSwiftPackageReference "firebase-ios-sdk" */;
			productName = FirebaseAuth;
		};
		0EE305512C96E04B00229A07 /* FirebaseCrashlytics */ = {
			isa = XCSwiftPackageProductDependency;
			package = 0EE3054C2C96DC9600229A07 /* XCRemoteSwiftPackageReference "firebase-ios-sdk" */;
			productName = FirebaseCrashlytics;
		};
		0EE305532C96E04B00229A07 /* FirebaseFirestore */ = {
			isa = XCSwiftPackageProductDependency;
			package = 0EE3054C2C96DC9600229A07 /* XCRemoteSwiftPackageReference "firebase-ios-sdk" */;
			productName = FirebaseFirestore;
		};
		0EE305552C96E04B00229A07 /* FirebaseStorage */ = {
			isa = XCSwiftPackageProductDependency;
			package = 0EE3054C2C96DC9600229A07 /* XCRemoteSwiftPackageReference "firebase-ios-sdk" */;
			productName = FirebaseStorage;
		};
/* End XCSwiftPackageProductDependency section */
	};
	rootObject = 0E300C242C8DDF640004AE46 /* Project object */;
}
